
Microsoft Visual Studio Solution File, Format Version 12.00
# Visual Studio Version 17
VisualStudioVersion = 17.0.31903.59
MinimumVisualStudioVersion = 10.0.40219.1
Project("{FAE04EC0-301F-11D3-BF4B-00C04F79EFBC}") = "Domain", "Domain\Domain.csproj", "{7FFEA0A3-0AAC-4C6E-8A4D-4E802717713E}"
EndProject
Project("{FAE04EC0-301F-11D3-BF4B-00C04F79EFBC}") = "Infrastructure", "Infrastructure\Infrastructure.csproj", "{1CE46A4F-02A3-4859-97CC-B0064173068E}"
EndProject
Project("{FAE04EC0-301F-11D3-BF4B-00C04F79EFBC}") = "WebApi", "WebApi\WebApi.csproj", "{450A24C9-C6F1-4866-88DA-64EF28412F8D}"
EndProject
Global
	GlobalSection(SolutionConfigurationPlatforms) = preSolution
		Debug|Any CPU = Debug|Any CPU
		Debug|x64 = Debug|x64
		Debug|x86 = Debug|x86
		Release|Any CPU = Release|Any CPU
		Release|x64 = Release|x64
		Release|x86 = Release|x86
	EndGlobalSection
	GlobalSection(ProjectConfigurationPlatforms) = postSolution
		{7FFEA0A3-0AAC-4C6E-8A4D-4E802717713E}.Debug|Any CPU.ActiveCfg = Debug|Any CPU
		{7FFEA0A3-0AAC-4C6E-8A4D-4E802717713E}.Debug|Any CPU.Build.0 = Debug|Any CPU
		{7FFEA0A3-0AAC-4C6E-8A4D-4E802717713E}.Debug|x64.ActiveCfg = Debug|Any CPU
		{7FFEA0A3-0AAC-4C6E-8A4D-4E802717713E}.Debug|x64.Build.0 = Debug|Any CPU
		{7FFEA0A3-0AAC-4C6E-8A4D-4E802717713E}.Debug|x86.ActiveCfg = Debug|Any CPU
		{7FFEA0A3-0AAC-4C6E-8A4D-4E802717713E}.Debug|x86.Build.0 = Debug|Any CPU
		{7FFEA0A3-0AAC-4C6E-8A4D-4E802717713E}.Release|Any CPU.ActiveCfg = Release|Any CPU
		{7FFEA0A3-0AAC-4C6E-8A4D-4E802717713E}.Release|Any CPU.Build.0 = Release|Any CPU
		{7FFEA0A3-0AAC-4C6E-8A4D-4E802717713E}.Release|x64.ActiveCfg = Release|Any CPU
		{7FFEA0A3-0AAC-4C6E-8A4D-4E802717713E}.Release|x64.Build.0 = Release|Any CPU
		{7FFEA0A3-0AAC-4C6E-8A4D-4E802717713E}.Release|x86.ActiveCfg = Release|Any CPU
		{7FFEA0A3-0AAC-4C6E-8A4D-4E802717713E}.Release|x86.Build.0 = Release|Any CPU
		{1CE46A4F-02A3-4859-97CC-B0064173068E}.Debug|Any CPU.ActiveCfg = Debug|Any CPU
		{1CE46A4F-02A3-4859-97CC-B0064173068E}.Debug|Any CPU.Build.0 = Debug|Any CPU
		{1CE46A4F-02A3-4859-97CC-B0064173068E}.Debug|x64.ActiveCfg = Debug|Any CPU
		{1CE46A4F-02A3-4859-97CC-B0064173068E}.Debug|x64.Build.0 = Debug|Any CPU
		{1CE46A4F-02A3-4859-97CC-B0064173068E}.Debug|x86.ActiveCfg = Debug|Any CPU
		{1CE46A4F-02A3-4859-97CC-B0064173068E}.Debug|x86.Build.0 = Debug|Any CPU
		{1CE46A4F-02A3-4859-97CC-B0064173068E}.Release|Any CPU.ActiveCfg = Release|Any CPU
		{1CE46A4F-02A3-4859-97CC-B0064173068E}.Release|Any CPU.Build.0 = Release|Any CPU
		{1CE46A4F-02A3-4859-97CC-B0064173068E}.Release|x64.ActiveCfg = Release|Any CPU
		{1CE46A4F-02A3-4859-97CC-B0064173068E}.Release|x64.Build.0 = Release|Any CPU
		{1CE46A4F-02A3-4859-97CC-B0064173068E}.Release|x86.ActiveCfg = Release|Any CPU
		{1CE46A4F-02A3-4859-97CC-B0064173068E}.Release|x86.Build.0 = Release|Any CPU
		{450A24C9-C6F1-4866-88DA-64EF28412F8D}.Debug|Any CPU.ActiveCfg = Debug|Any CPU
		{450A24C9-C6F1-4866-88DA-64EF28412F8D}.Debug|Any CPU.Build.0 = Debug|Any CPU
		{450A24C9-C6F1-4866-88DA-64EF28412F8D}.Debug|x64.ActiveCfg = Debug|Any CPU
		{450A24C9-C6F1-4866-88DA-64EF28412F8D}.Debug|x64.Build.0 = Debug|Any CPU
		{450A24C9-C6F1-4866-88DA-64EF28412F8D}.Debug|x86.ActiveCfg = Debug|Any CPU
		{450A24C9-C6F1-4866-88DA-64EF28412F8D}.Debug|x86.Build.0 = Debug|Any CPU
		{450A24C9-C6F1-4866-88DA-64EF28412F8D}.Release|Any CPU.ActiveCfg = Release|Any CPU
		{450A24C9-C6F1-4866-88DA-64EF28412F8D}.Release|Any CPU.Build.0 = Release|Any CPU
		{450A24C9-C6F1-4866-88DA-64EF28412F8D}.Release|x64.ActiveCfg = Release|Any CPU
		{450A24C9-C6F1-4866-88DA-64EF28412F8D}.Release|x64.Build.0 = Release|Any CPU
		{450A24C9-C6F1-4866-88DA-64EF28412F8D}.Release|x86.ActiveCfg = Release|Any CPU
		{450A24C9-C6F1-4866-88DA-64EF28412F8D}.Release|x86.Build.0 = Release|Any CPU
	EndGlobalSection
	GlobalSection(SolutionProperties) = preSolution
		HideSolutionNode = FALSE
	EndGlobalSection
EndGlobal
